{
  "name": "codex-harness-engineering",
  "version": "0.1.3",
  "lockfileVersion": 3,
  "requires": true,
  "packages": {
    "": {
      "name": "codex-harness-engineering",
      "version": "0.1.3",
      "license": "UNLICENSED",
      "bin": {
        "codex-harness-engineering": "scripts/install-skills.mjs",
        "codex-harness-install-skills": "scripts/install-skills.mjs"
      },
      "engines": {
        "node": ">=18.17"
      }
    }
  }
}
